
Microsoft Visual Studio Solution File, Format Version 12.00
# Visual Studio Version 17
VisualStudioVersion = 17.8.34309.116
MinimumVisualStudioVersion = 10.0.40219.1
Project("{FAE04EC0-301F-11D3-BF4B-00C04F79EFBC}") = "Reflection", "Reflection\Reflection.csproj", "{CE1E15DE-B778-4F15-A12E-F16E76551A4B}"
EndProject
Project("{FAE04EC0-301F-11D3-BF4B-00C04F79EFBC}") = "BabyStroller", "BabyStroller\BabyStroller.csproj", "{7D49E10B-6521-458A-849B-259F2F8E1556}"
EndProject
Project("{FAE04EC0-301F-11D3-BF4B-00C04F79EFBC}") = "BabyStroller.SDK", "BabyStroller.SDK\BabyStroller.SDK.csproj", "{12E53E06-AEDA-4302-B291-D09BA4E0A1B6}"
EndProject
Global
	GlobalSection(SolutionConfigurationPlatforms) = preSolution
		Debug|Any CPU = Debug|Any CPU
		Release|Any CPU = Release|Any CPU
	EndGlobalSection
	GlobalSection(ProjectConfigurationPlatforms) = postSolution
		{CE1E15DE-B778-4F15-A12E-F16E76551A4B}.Debug|Any CPU.ActiveCfg = Debug|Any CPU
		{CE1E15DE-B778-4F15-A12E-F16E76551A4B}.Debug|Any CPU.Build.0 = Debug|Any CPU
		{CE1E15DE-B778-4F15-A12E-F16E76551A4B}.Release|Any CPU.ActiveCfg = Release|Any CPU
		{CE1E15DE-B778-4F15-A12E-F16E76551A4B}.Release|Any CPU.Build.0 = Release|Any CPU
		{7D49E10B-6521-458A-849B-259F2F8E1556}.Debug|Any CPU.ActiveCfg = Debug|Any CPU
		{7D49E10B-6521-458A-849B-259F2F8E1556}.Debug|Any CPU.Build.0 = Debug|Any CPU
		{7D49E10B-6521-458A-849B-259F2F8E1556}.Release|Any CPU.ActiveCfg = Release|Any CPU
		{7D49E10B-6521-458A-849B-259F2F8E1556}.Release|Any CPU.Build.0 = Release|Any CPU
		{12E53E06-AEDA-4302-B291-D09BA4E0A1B6}.Debug|Any CPU.ActiveCfg = Debug|Any CPU
		{12E53E06-AEDA-4302-B291-D09BA4E0A1B6}.Debug|Any CPU.Build.0 = Debug|Any CPU
		{12E53E06-AEDA-4302-B291-D09BA4E0A1B6}.Release|Any CPU.ActiveCfg = Release|Any CPU
		{12E53E06-AEDA-4302-B291-D09BA4E0A1B6}.Release|Any CPU.Build.0 = Release|Any CPU
	EndGlobalSection
	GlobalSection(SolutionProperties) = preSolution
		HideSolutionNode = FALSE
	EndGlobalSection
	GlobalSection(ExtensibilityGlobals) = postSolution
		SolutionGuid = {F5E42D55-ED82-4788-B9E2-BCFE9933E808}
	EndGlobalSection
EndGlobal
