
Microsoft Visual Studio Solution File, Format Version 12.00
# Visual Studio Version 17
VisualStudioVersion = 17.8.34309.116
MinimumVisualStudioVersion = 10.0.40219.1
Project("{FAE04EC0-301F-11D3-BF4B-00C04F79EFBC}") = "Animal.Lib1", "Animal.Lib1\Animal.Lib1.csproj", "{B1FBA2A4-3FCF-4C52-8FC5-927B950EA57A}"
EndProject
Project("{FAE04EC0-301F-11D3-BF4B-00C04F79EFBC}") = "Animal.Lib2", "Animal.Lib2\Animal.Lib2.csproj", "{4E0A7977-B456-42F1-B376-05D503F33566}"
EndProject
Global
	GlobalSection(SolutionConfigurationPlatforms) = preSolution
		Debug|Any CPU = Debug|Any CPU
		Release|Any CPU = Release|Any CPU
	EndGlobalSection
	GlobalSection(ProjectConfigurationPlatforms) = postSolution
		{B1FBA2A4-3FCF-4C52-8FC5-927B950EA57A}.Debug|Any CPU.ActiveCfg = Debug|Any CPU
		{B1FBA2A4-3FCF-4C52-8FC5-927B950EA57A}.Debug|Any CPU.Build.0 = Debug|Any CPU
		{B1FBA2A4-3FCF-4C52-8FC5-927B950EA57A}.Release|Any CPU.ActiveCfg = Release|Any CPU
		{B1FBA2A4-3FCF-4C52-8FC5-927B950EA57A}.Release|Any CPU.Build.0 = Release|Any CPU
		{4E0A7977-B456-42F1-B376-05D503F33566}.Debug|Any CPU.ActiveCfg = Debug|Any CPU
		{4E0A7977-B456-42F1-B376-05D503F33566}.Debug|Any CPU.Build.0 = Debug|Any CPU
		{4E0A7977-B456-42F1-B376-05D503F33566}.Release|Any CPU.ActiveCfg = Release|Any CPU
		{4E0A7977-B456-42F1-B376-05D503F33566}.Release|Any CPU.Build.0 = Release|Any CPU
	EndGlobalSection
	GlobalSection(SolutionProperties) = preSolution
		HideSolutionNode = FALSE
	EndGlobalSection
	GlobalSection(ExtensibilityGlobals) = postSolution
		SolutionGuid = {5C2376CB-F35F-4E2B-83B7-DA0B4236F3FF}
	EndGlobalSection
EndGlobal
