
Microsoft Visual Studio Solution File, Format Version 12.00
# Visual Studio Version 17
VisualStudioVersion = 17.8.34309.116
MinimumVisualStudioVersion = 10.0.40219.1
Project("{FAE04EC0-301F-11D3-BF4B-00C04F79EFBC}") = "WebAPI.NetCore", "WebAPI.NetCore\WebAPI.NetCore.csproj", "{384FEF6D-431F-46B5-8C85-D0D1B68DA4BE}"
EndProject
Global
	GlobalSection(SolutionConfigurationPlatforms) = preSolution
		Debug|Any CPU = Debug|Any CPU
		Release|Any CPU = Release|Any CPU
	EndGlobalSection
	GlobalSection(ProjectConfigurationPlatforms) = postSolution
		{384FEF6D-431F-46B5-8C85-D0D1B68DA4BE}.Debug|Any CPU.ActiveCfg = Debug|Any CPU
		{384FEF6D-431F-46B5-8C85-D0D1B68DA4BE}.Debug|Any CPU.Build.0 = Debug|Any CPU
		{384FEF6D-431F-46B5-8C85-D0D1B68DA4BE}.Release|Any CPU.ActiveCfg = Release|Any CPU
		{384FEF6D-431F-46B5-8C85-D0D1B68DA4BE}.Release|Any CPU.Build.0 = Release|Any CPU
	EndGlobalSection
	GlobalSection(SolutionProperties) = preSolution
		HideSolutionNode = FALSE
	EndGlobalSection
	GlobalSection(ExtensibilityGlobals) = postSolution
		SolutionGuid = {97011D91-4A1A-4E84-9066-D405C0338C88}
	EndGlobalSection
EndGlobal
