
Microsoft Visual Studio Solution File, Format Version 12.00
# Visual Studio Version 17
VisualStudioVersion = 17.9.34728.123
MinimumVisualStudioVersion = 10.0.40219.1
Project("{FAE04EC0-301F-11D3-BF4B-00C04F79EFBC}") = "HelloWorld", "ConsoleApp1\HelloWorld.csproj", "{97BF90B8-BB80-476E-B380-B27D860E6319}"
EndProject
Project("{FAE04EC0-301F-11D3-BF4B-00C04F79EFBC}") = "HelloWorld.Analysis", "..\HelloWorld.Analysis\HelloWorld.Analysis.csproj", "{B9581B63-691D-460B-8163-338F2F7F85E1}"
EndProject
Global
	GlobalSection(SolutionConfigurationPlatforms) = preSolution
		Debug|Any CPU = Debug|Any CPU
		Release|Any CPU = Release|Any CPU
	EndGlobalSection
	GlobalSection(ProjectConfigurationPlatforms) = postSolution
		{97BF90B8-BB80-476E-B380-B27D860E6319}.Debug|Any CPU.ActiveCfg = Debug|Any CPU
		{97BF90B8-BB80-476E-B380-B27D860E6319}.Debug|Any CPU.Build.0 = Debug|Any CPU
		{97BF90B8-BB80-476E-B380-B27D860E6319}.Release|Any CPU.ActiveCfg = Release|Any CPU
		{97BF90B8-BB80-476E-B380-B27D860E6319}.Release|Any CPU.Build.0 = Release|Any CPU
		{B9581B63-691D-460B-8163-338F2F7F85E1}.Debug|Any CPU.ActiveCfg = Debug|Any CPU
		{B9581B63-691D-460B-8163-338F2F7F85E1}.Debug|Any CPU.Build.0 = Debug|Any CPU
		{B9581B63-691D-460B-8163-338F2F7F85E1}.Release|Any CPU.ActiveCfg = Release|Any CPU
		{B9581B63-691D-460B-8163-338F2F7F85E1}.Release|Any CPU.Build.0 = Release|Any CPU
	EndGlobalSection
	GlobalSection(SolutionProperties) = preSolution
		HideSolutionNode = FALSE
	EndGlobalSection
	GlobalSection(ExtensibilityGlobals) = postSolution
		SolutionGuid = {FAF3056C-3DF9-4627-B0F2-E8534D17D32D}
	EndGlobalSection
EndGlobal
