
Microsoft Visual Studio Solution File, Format Version 12.00
# Visual Studio Version 17
VisualStudioVersion = 17.13.35931.197
MinimumVisualStudioVersion = 10.0.40219.1
Project("{FAE04EC0-301F-11D3-BF4B-00C04F79EFBC}") = "ApiGatewayExample", "ApiGatewayExample\ApiGatewayExample.csproj", "{1BBF2958-15DA-4789-8A6E-7EC47CBF8BA6}"
EndProject
Project("{FAE04EC0-301F-11D3-BF4B-00C04F79EFBC}") = "TestMicroservice.API", "TestMicroservice.API\TestMicroservice.API.csproj", "{F9D13BBE-25A1-4558-AB0E-110E3FADD4C0}"
EndProject
Project("{2150E333-8FDC-42A3-9474-1A3956D46DE8}") = "ProductMicroservice", "ProductMicroservice", "{02EA681E-C7D8-13C7-8484-4AC65E1B71E8}"
EndProject
Project("{FAE04EC0-301F-11D3-BF4B-00C04F79EFBC}") = "ProductsMicroService.API", "ProductsMicroService.API\ProductsMicroService.API.csproj", "{6DDD1805-ADA8-4361-AF55-F878351E357F}"
EndProject
Project("{FAE04EC0-301F-11D3-BF4B-00C04F79EFBC}") = "ProductsMicroservice.Core", "ProductsMicroservice.Core\ProductsMicroservice.Core.csproj", "{52AD8A68-5E56-48CD-8C76-17CBE89B5E0E}"
EndProject
Project("{FAE04EC0-301F-11D3-BF4B-00C04F79EFBC}") = "ProductsMicroservice.Infrastructure", "ProductsMicroservice.Infrastructure\ProductsMicroservice.Infrastructure.csproj", "{66CE0A6E-1F26-4001-B7A8-FF8EB2D2283C}"
EndProject
Global
	GlobalSection(SolutionConfigurationPlatforms) = preSolution
		Debug|Any CPU = Debug|Any CPU
		Release|Any CPU = Release|Any CPU
	EndGlobalSection
	GlobalSection(ProjectConfigurationPlatforms) = postSolution
		{1BBF2958-15DA-4789-8A6E-7EC47CBF8BA6}.Debug|Any CPU.ActiveCfg = Debug|Any CPU
		{1BBF2958-15DA-4789-8A6E-7EC47CBF8BA6}.Debug|Any CPU.Build.0 = Debug|Any CPU
		{1BBF2958-15DA-4789-8A6E-7EC47CBF8BA6}.Release|Any CPU.ActiveCfg = Release|Any CPU
		{1BBF2958-15DA-4789-8A6E-7EC47CBF8BA6}.Release|Any CPU.Build.0 = Release|Any CPU
		{F9D13BBE-25A1-4558-AB0E-110E3FADD4C0}.Debug|Any CPU.ActiveCfg = Debug|Any CPU
		{F9D13BBE-25A1-4558-AB0E-110E3FADD4C0}.Debug|Any CPU.Build.0 = Debug|Any CPU
		{F9D13BBE-25A1-4558-AB0E-110E3FADD4C0}.Release|Any CPU.ActiveCfg = Release|Any CPU
		{F9D13BBE-25A1-4558-AB0E-110E3FADD4C0}.Release|Any CPU.Build.0 = Release|Any CPU
		{6DDD1805-ADA8-4361-AF55-F878351E357F}.Debug|Any CPU.ActiveCfg = Debug|Any CPU
		{6DDD1805-ADA8-4361-AF55-F878351E357F}.Debug|Any CPU.Build.0 = Debug|Any CPU
		{6DDD1805-ADA8-4361-AF55-F878351E357F}.Release|Any CPU.ActiveCfg = Release|Any CPU
		{6DDD1805-ADA8-4361-AF55-F878351E357F}.Release|Any CPU.Build.0 = Release|Any CPU
		{52AD8A68-5E56-48CD-8C76-17CBE89B5E0E}.Debug|Any CPU.ActiveCfg = Debug|Any CPU
		{52AD8A68-5E56-48CD-8C76-17CBE89B5E0E}.Debug|Any CPU.Build.0 = Debug|Any CPU
		{52AD8A68-5E56-48CD-8C76-17CBE89B5E0E}.Release|Any CPU.ActiveCfg = Release|Any CPU
		{52AD8A68-5E56-48CD-8C76-17CBE89B5E0E}.Release|Any CPU.Build.0 = Release|Any CPU
		{66CE0A6E-1F26-4001-B7A8-FF8EB2D2283C}.Debug|Any CPU.ActiveCfg = Debug|Any CPU
		{66CE0A6E-1F26-4001-B7A8-FF8EB2D2283C}.Debug|Any CPU.Build.0 = Debug|Any CPU
		{66CE0A6E-1F26-4001-B7A8-FF8EB2D2283C}.Release|Any CPU.ActiveCfg = Release|Any CPU
		{66CE0A6E-1F26-4001-B7A8-FF8EB2D2283C}.Release|Any CPU.Build.0 = Release|Any CPU
	EndGlobalSection
	GlobalSection(SolutionProperties) = preSolution
		HideSolutionNode = FALSE
	EndGlobalSection
	GlobalSection(NestedProjects) = preSolution
		{6DDD1805-ADA8-4361-AF55-F878351E357F} = {02EA681E-C7D8-13C7-8484-4AC65E1B71E8}
		{52AD8A68-5E56-48CD-8C76-17CBE89B5E0E} = {02EA681E-C7D8-13C7-8484-4AC65E1B71E8}
		{66CE0A6E-1F26-4001-B7A8-FF8EB2D2283C} = {02EA681E-C7D8-13C7-8484-4AC65E1B71E8}
	EndGlobalSection
	GlobalSection(ExtensibilityGlobals) = postSolution
		SolutionGuid = {DD85AE07-7C76-4BDB-981B-290564C56E5F}
	EndGlobalSection
EndGlobal
